
Microsoft Visual Studio Solution File, Format Version 12.00
# Visual Studio 15
VisualStudioVersion = 15.0.26403.7
MinimumVisualStudioVersion = 10.0.40219.1
Project("{FAE04EC0-301F-11D3-BF4B-00C04F79EFBC}") = "Biertijd Downloader Reloaded", "Biertijd Downloader Reloaded\Biertijd Downloader Reloaded.csproj", "{8474C9E6-8E0C-4297-A263-6FAD7E6C0636}"
EndProject
Global
	GlobalSection(SolutionConfigurationPlatforms) = preSolution
		Debug|Any CPU = Debug|Any CPU
		Release|Any CPU = Release|Any CPU
	EndGlobalSection
	GlobalSection(ProjectConfigurationPlatforms) = postSolution
		{8474C9E6-8E0C-4297-A263-6FAD7E6C0636}.Debug|Any CPU.ActiveCfg = Debug|Any CPU
		{8474C9E6-8E0C-4297-A263-6FAD7E6C0636}.Debug|Any CPU.Build.0 = Debug|Any CPU
		{8474C9E6-8E0C-4297-A263-6FAD7E6C0636}.Release|Any CPU.ActiveCfg = Release|Any CPU
		{8474C9E6-8E0C-4297-A263-6FAD7E6C0636}.Release|Any CPU.Build.0 = Release|Any CPU
	EndGlobalSection
	GlobalSection(SolutionProperties) = preSolution
		HideSolutionNode = FALSE
	EndGlobalSection
EndGlobal
